
Microsoft Visual Studio Solution File, Format Version 12.00
# Visual Studio Version 16
VisualStudioVersion = 16.0.30225.117
MinimumVisualStudioVersion = 10.0.40219.1
Project("{9A19103F-16F7-4668-BE54-9A1E7A4F7556}") = "Vehicles", "Vehicles\Vehicles.csproj", "{D24E7095-6517-424F-A74E-B811B93A96F7}"
EndProject
Project("{FAE04EC0-301F-11D3-BF4B-00C04F79EFBC}") = "Raiding", "Raiding\Raiding.csproj", "{40BA315A-EE94-466C-A8B3-8DC438C3D7FE}"
EndProject
Project("{FAE04EC0-301F-11D3-BF4B-00C04F79EFBC}") = "WildFarm", "WildFarm\WildFarm.csproj", "{663CAC69-95D8-4778-972C-37C6CBE0AE06}"
EndProject
Global
	GlobalSection(SolutionConfigurationPlatforms) = preSolution
		Debug|Any CPU = Debug|Any CPU
		Release|Any CPU = Release|Any CPU
	EndGlobalSection
	GlobalSection(ProjectConfigurationPlatforms) = postSolution
		{D24E7095-6517-424F-A74E-B811B93A96F7}.Debug|Any CPU.ActiveCfg = Debug|Any CPU
		{D24E7095-6517-424F-A74E-B811B93A96F7}.Debug|Any CPU.Build.0 = Debug|Any CPU
		{D24E7095-6517-424F-A74E-B811B93A96F7}.Release|Any CPU.ActiveCfg = Release|Any CPU
		{D24E7095-6517-424F-A74E-B811B93A96F7}.Release|Any CPU.Build.0 = Release|Any CPU
		{40BA315A-EE94-466C-A8B3-8DC438C3D7FE}.Debug|Any CPU.ActiveCfg = Debug|Any CPU
		{40BA315A-EE94-466C-A8B3-8DC438C3D7FE}.Debug|Any CPU.Build.0 = Debug|Any CPU
		{40BA315A-EE94-466C-A8B3-8DC438C3D7FE}.Release|Any CPU.ActiveCfg = Release|Any CPU
		{40BA315A-EE94-466C-A8B3-8DC438C3D7FE}.Release|Any CPU.Build.0 = Release|Any CPU
		{663CAC69-95D8-4778-972C-37C6CBE0AE06}.Debug|Any CPU.ActiveCfg = Debug|Any CPU
		{663CAC69-95D8-4778-972C-37C6CBE0AE06}.Debug|Any CPU.Build.0 = Debug|Any CPU
		{663CAC69-95D8-4778-972C-37C6CBE0AE06}.Release|Any CPU.ActiveCfg = Release|Any CPU
		{663CAC69-95D8-4778-972C-37C6CBE0AE06}.Release|Any CPU.Build.0 = Release|Any CPU
	EndGlobalSection
	GlobalSection(SolutionProperties) = preSolution
		HideSolutionNode = FALSE
	EndGlobalSection
	GlobalSection(ExtensibilityGlobals) = postSolution
		SolutionGuid = {B9B7DED0-0A5D-4FAA-9851-28BF448A11C4}
	EndGlobalSection
EndGlobal
